
Microsoft Visual Studio Solution File, Format Version 12.00
# Visual Studio 2013
VisualStudioVersion = 12.0.21005.1
MinimumVisualStudioVersion = 10.0.40219.1
Project("{FAE04EC0-301F-11D3-BF4B-00C04F79EFBC}") = "HolaMundoForms", "HolaMundoForms\HolaMundoForms.csproj", "{145B7CDF-11E3-475D-85AB-2225F0AF7FBE}"
EndProject
Global
	GlobalSection(SolutionConfigurationPlatforms) = preSolution
		Debug|Any CPU = Debug|Any CPU
		Release|Any CPU = Release|Any CPU
	EndGlobalSection
	GlobalSection(ProjectConfigurationPlatforms) = postSolution
		{145B7CDF-11E3-475D-85AB-2225F0AF7FBE}.Debug|Any CPU.ActiveCfg = Debug|Any CPU
		{145B7CDF-11E3-475D-85AB-2225F0AF7FBE}.Debug|Any CPU.Build.0 = Debug|Any CPU
		{145B7CDF-11E3-475D-85AB-2225F0AF7FBE}.Release|Any CPU.ActiveCfg = Release|Any CPU
		{145B7CDF-11E3-475D-85AB-2225F0AF7FBE}.Release|Any CPU.Build.0 = Release|Any CPU
	EndGlobalSection
	GlobalSection(SolutionProperties) = preSolution
		HideSolutionNode = FALSE
	EndGlobalSection
EndGlobal
